
Microsoft Visual Studio Solution File, Format Version 12.00
# Visual Studio Version 16
VisualStudioVersion = 16.0.31321.278
MinimumVisualStudioVersion = 10.0.40219.1
Project("{9A19103F-16F7-4668-BE54-9A1E7A4F7556}") = "EasyEvs", "src\EasyEvs\EasyEvs.csproj", "{C52ABFAE-88FA-4CD4-85DF-D093B7EB0D63}"
EndProject
Project("{2150E333-8FDC-42A3-9474-1A3956D46DE8}") = "tests", "tests", "{F0A5CF37-2D78-4D44-B0B2-40E1A0A9F126}"
EndProject
Project("{9A19103F-16F7-4668-BE54-9A1E7A4F7556}") = "EasyEvs.Tests", "tests\EasyEvs.Tests\EasyEvs.Tests.csproj", "{0D59C317-5244-426D-A78F-E8591F7CBABE}"
EndProject
Project("{FAE04EC0-301F-11D3-BF4B-00C04F79EFBC}") = "EasyEvs.Contracts", "src\EasyEvs.Contracts\EasyEvs.Contracts.csproj", "{5EED9C14-1B96-4CAF-A229-4F49FADEE5D4}"
EndProject
Project("{FAE04EC0-301F-11D3-BF4B-00C04F79EFBC}") = "EasyEvs.Aggregates.Contracts", "src\EasyEvs.Aggregates.Contracts\EasyEvs.Aggregates.Contracts.csproj", "{4926CF8C-4F37-4EF7-901E-E5D7D0A7A791}"
EndProject
Project("{FAE04EC0-301F-11D3-BF4B-00C04F79EFBC}") = "EasyEvs.Aggregates", "src\EasyEvs.Aggregates\EasyEvs.Aggregates.csproj", "{7D7C6922-23DC-4729-A3EA-7BCF78CFC824}"
EndProject
Global
	GlobalSection(SolutionConfigurationPlatforms) = preSolution
		Debug|Any CPU = Debug|Any CPU
		Release|Any CPU = Release|Any CPU
	EndGlobalSection
	GlobalSection(ProjectConfigurationPlatforms) = postSolution
		{C52ABFAE-88FA-4CD4-85DF-D093B7EB0D63}.Debug|Any CPU.ActiveCfg = Debug|Any CPU
		{C52ABFAE-88FA-4CD4-85DF-D093B7EB0D63}.Debug|Any CPU.Build.0 = Debug|Any CPU
		{C52ABFAE-88FA-4CD4-85DF-D093B7EB0D63}.Release|Any CPU.ActiveCfg = Release|Any CPU
		{C52ABFAE-88FA-4CD4-85DF-D093B7EB0D63}.Release|Any CPU.Build.0 = Release|Any CPU
		{0D59C317-5244-426D-A78F-E8591F7CBABE}.Debug|Any CPU.ActiveCfg = Debug|Any CPU
		{0D59C317-5244-426D-A78F-E8591F7CBABE}.Debug|Any CPU.Build.0 = Debug|Any CPU
		{0D59C317-5244-426D-A78F-E8591F7CBABE}.Release|Any CPU.ActiveCfg = Release|Any CPU
		{0D59C317-5244-426D-A78F-E8591F7CBABE}.Release|Any CPU.Build.0 = Release|Any CPU
		{5EED9C14-1B96-4CAF-A229-4F49FADEE5D4}.Debug|Any CPU.ActiveCfg = Debug|Any CPU
		{5EED9C14-1B96-4CAF-A229-4F49FADEE5D4}.Debug|Any CPU.Build.0 = Debug|Any CPU
		{5EED9C14-1B96-4CAF-A229-4F49FADEE5D4}.Release|Any CPU.ActiveCfg = Release|Any CPU
		{5EED9C14-1B96-4CAF-A229-4F49FADEE5D4}.Release|Any CPU.Build.0 = Release|Any CPU
		{4926CF8C-4F37-4EF7-901E-E5D7D0A7A791}.Debug|Any CPU.ActiveCfg = Debug|Any CPU
		{4926CF8C-4F37-4EF7-901E-E5D7D0A7A791}.Debug|Any CPU.Build.0 = Debug|Any CPU
		{4926CF8C-4F37-4EF7-901E-E5D7D0A7A791}.Release|Any CPU.ActiveCfg = Release|Any CPU
		{4926CF8C-4F37-4EF7-901E-E5D7D0A7A791}.Release|Any CPU.Build.0 = Release|Any CPU
		{7D7C6922-23DC-4729-A3EA-7BCF78CFC824}.Debug|Any CPU.ActiveCfg = Debug|Any CPU
		{7D7C6922-23DC-4729-A3EA-7BCF78CFC824}.Debug|Any CPU.Build.0 = Debug|Any CPU
		{7D7C6922-23DC-4729-A3EA-7BCF78CFC824}.Release|Any CPU.ActiveCfg = Release|Any CPU
		{7D7C6922-23DC-4729-A3EA-7BCF78CFC824}.Release|Any CPU.Build.0 = Release|Any CPU
	EndGlobalSection
	GlobalSection(SolutionProperties) = preSolution
		HideSolutionNode = FALSE
	EndGlobalSection
	GlobalSection(NestedProjects) = preSolution
		{0D59C317-5244-426D-A78F-E8591F7CBABE} = {F0A5CF37-2D78-4D44-B0B2-40E1A0A9F126}
	EndGlobalSection
	GlobalSection(ExtensibilityGlobals) = postSolution
		SolutionGuid = {8C222212-4CC3-40A8-ACFB-F6C0237C8B24}
	EndGlobalSection
EndGlobal
