
Microsoft Visual Studio Solution File, Format Version 12.00
# Visual Studio Version 16
VisualStudioVersion = 16.0.31321.278
MinimumVisualStudioVersion = 10.0.40219.1
Project("{9A19103F-16F7-4668-BE54-9A1E7A4F7556}") = "Events", "Events\Events.csproj", "{FBA30FB5-10EA-4A29-A4D1-DE6811A58980}"
EndProject
Project("{9A19103F-16F7-4668-BE54-9A1E7A4F7556}") = "Publisher", "Publisher\Publisher.csproj", "{E7747521-3C7B-4DF2-A625-B7CDD297AD05}"
EndProject
Project("{9A19103F-16F7-4668-BE54-9A1E7A4F7556}") = "Subscriber", "Subscriber\Subscriber.csproj", "{6AEC4AAB-59C1-4A23-B22E-F91DDCFA994A}"
EndProject
Project("{9A19103F-16F7-4668-BE54-9A1E7A4F7556}") = "EasyEvs", "..\src\EasyEvs\EasyEvs.csproj", "{829E316D-436D-4494-98AF-4332A5DD7D62}"
EndProject
Project("{9A19103F-16F7-4668-BE54-9A1E7A4F7556}") = "EasyEvs.Contracts", "..\src\EasyEvs.Contracts\EasyEvs.Contracts.csproj", "{A5BC46E9-DA39-4C3F-88E1-F01B432D92F7}"
EndProject
Global
	GlobalSection(SolutionConfigurationPlatforms) = preSolution
		Debug|Any CPU = Debug|Any CPU
		Release|Any CPU = Release|Any CPU
	EndGlobalSection
	GlobalSection(ProjectConfigurationPlatforms) = postSolution
		{FBA30FB5-10EA-4A29-A4D1-DE6811A58980}.Debug|Any CPU.ActiveCfg = Debug|Any CPU
		{FBA30FB5-10EA-4A29-A4D1-DE6811A58980}.Debug|Any CPU.Build.0 = Debug|Any CPU
		{FBA30FB5-10EA-4A29-A4D1-DE6811A58980}.Release|Any CPU.ActiveCfg = Release|Any CPU
		{FBA30FB5-10EA-4A29-A4D1-DE6811A58980}.Release|Any CPU.Build.0 = Release|Any CPU
		{E7747521-3C7B-4DF2-A625-B7CDD297AD05}.Debug|Any CPU.ActiveCfg = Debug|Any CPU
		{E7747521-3C7B-4DF2-A625-B7CDD297AD05}.Debug|Any CPU.Build.0 = Debug|Any CPU
		{E7747521-3C7B-4DF2-A625-B7CDD297AD05}.Release|Any CPU.ActiveCfg = Release|Any CPU
		{E7747521-3C7B-4DF2-A625-B7CDD297AD05}.Release|Any CPU.Build.0 = Release|Any CPU
		{6AEC4AAB-59C1-4A23-B22E-F91DDCFA994A}.Debug|Any CPU.ActiveCfg = Debug|Any CPU
		{6AEC4AAB-59C1-4A23-B22E-F91DDCFA994A}.Debug|Any CPU.Build.0 = Debug|Any CPU
		{6AEC4AAB-59C1-4A23-B22E-F91DDCFA994A}.Release|Any CPU.ActiveCfg = Release|Any CPU
		{6AEC4AAB-59C1-4A23-B22E-F91DDCFA994A}.Release|Any CPU.Build.0 = Release|Any CPU
		{829E316D-436D-4494-98AF-4332A5DD7D62}.Debug|Any CPU.ActiveCfg = Debug|Any CPU
		{829E316D-436D-4494-98AF-4332A5DD7D62}.Debug|Any CPU.Build.0 = Debug|Any CPU
		{829E316D-436D-4494-98AF-4332A5DD7D62}.Release|Any CPU.ActiveCfg = Release|Any CPU
		{829E316D-436D-4494-98AF-4332A5DD7D62}.Release|Any CPU.Build.0 = Release|Any CPU
		{A5BC46E9-DA39-4C3F-88E1-F01B432D92F7}.Debug|Any CPU.ActiveCfg = Debug|Any CPU
		{A5BC46E9-DA39-4C3F-88E1-F01B432D92F7}.Debug|Any CPU.Build.0 = Debug|Any CPU
		{A5BC46E9-DA39-4C3F-88E1-F01B432D92F7}.Release|Any CPU.ActiveCfg = Release|Any CPU
		{A5BC46E9-DA39-4C3F-88E1-F01B432D92F7}.Release|Any CPU.Build.0 = Release|Any CPU
	EndGlobalSection
	GlobalSection(SolutionProperties) = preSolution
		HideSolutionNode = FALSE
	EndGlobalSection
	GlobalSection(ExtensibilityGlobals) = postSolution
		SolutionGuid = {71E33CB6-8C13-472E-A250-126977F64117}
	EndGlobalSection
EndGlobal
